Microsoft Visual Studio Solution File, Format Version 12.00
# Visual Studio Version 17
VisualStudioVersion = 17.5.2.0
MinimumVisualStudioVersion = 10.0.40219.1
Project("{FAE04EC0-301F-11D3-BF4B-00C04F79EFBC}") = "RickAndMorty", "RickAndMorty.csproj", "{42DEEAB5-69B3-DA4F-B5E1-13144BAA9F0D}"
EndProject
Global
	GlobalSection(SolutionConfigurationPlatforms) = preSolution
		Debug|Any CPU = Debug|Any CPU
		Release|Any CPU = Release|Any CPU
	EndGlobalSection
	GlobalSection(ProjectConfigurationPlatforms) = postSolution
		{42DEEAB5-69B3-DA4F-B5E1-13144BAA9F0D}.Debug|Any CPU.ActiveCfg = Debug|Any CPU
		{42DEEAB5-69B3-DA4F-B5E1-13144BAA9F0D}.Debug|Any CPU.Build.0 = Debug|Any CPU
		{42DEEAB5-69B3-DA4F-B5E1-13144BAA9F0D}.Release|Any CPU.ActiveCfg = Release|Any CPU
		{42DEEAB5-69B3-DA4F-B5E1-13144BAA9F0D}.Release|Any CPU.Build.0 = Release|Any CPU
	EndGlobalSection
	GlobalSection(SolutionProperties) = preSolution
		HideSolutionNode = FALSE
	EndGlobalSection
	GlobalSection(ExtensibilityGlobals) = postSolution
		SolutionGuid = {E7F4CE49-8655-4017-95C5-845A5B767668}
	EndGlobalSection
EndGlobal
